{
  "nodes": {
    "esdbclient": {
      "inputs": {
        "flake-utils": [
          "pythoneda-shared-pythonlang-application",
          "pythoneda-shared-pythonlang-infrastructure",
          "flake-utils"
        ],
        "nixpkgs": [
          "pythoneda-shared-pythonlang-application",
          "pythoneda-shared-pythonlang-infrastructure",
          "nixpkgs"
        ]
      },
      "locked": {
        "dir": "esdbclient",
        "lastModified": 1733507692,
        "narHash": "sha256-IBPBdUFCp/HAlg/LMHlf5yW9SILoyEota9r14C1983w=",
        "owner": "rydnr",
        "repo": "nix-flakes",
        "rev": "d810b75bee44f2049a1769d99493636d7e631632",
        "type": "github"
      },
      "original": {
        "dir": "esdbclient",
        "owner": "rydnr",
        "ref": "esdbclient-1.1.3.1",
        "repo": "nix-flakes",
        "type": "github"
      }
    },
    "flake-utils": {
      "locked": {
        "lastModified": 1652776076,
        "narHash": "sha256-gzTw/v1vj4dOVbpBSJX4J0DwUR6LIyXo7/SuuTJp1kM=",
        "owner": "numtide",
        "repo": "flake-utils",
        "rev": "04c1b180862888302ddfb2e3ad9eaa63afc60cf8",
        "type": "github"
      },
      "original": {
        "owner": "numtide",
        "ref": "v1.0.0",
        "repo": "flake-utils",
        "type": "github"
      }
    },
    "nixpkgs": {
      "locked": {
        "lastModified": 1740254521,
        "narHash": "sha256-Q7l4Q9RLNNFwr/76ySeIII28Be8AflJGGedRgtlIZDU=",
        "owner": "NixOS",
        "repo": "nixpkgs",
        "rev": "c3ef43a2fdcb6bbaa90c4495779036c2d0f7a25e",
        "type": "github"
      },
      "original": {
        "owner": "NixOS",
        "ref": "release-24.11",
        "repo": "nixpkgs",
        "type": "github"
      }
    },
    "pythoneda-shared-artifact-events": {
      "inputs": {
        "flake-utils": [
          "pythoneda-shared-pythonlang-application",
          "pythoneda-shared-artifact-shared",
          "flake-utils"
        ],
        "nixpkgs": [
          "pythoneda-shared-pythonlang-application",
          "pythoneda-shared-artifact-shared",
          "nixpkgs"
        ],
        "pythoneda-shared-pythonlang-banner": [
          "pythoneda-shared-pythonlang-application",
          "pythoneda-shared-artifact-shared",
          "pythoneda-shared-pythonlang-banner"
        ],
        "pythoneda-shared-pythonlang-domain": [
          "pythoneda-shared-pythonlang-application",
          "pythoneda-shared-artifact-shared",
          "pythoneda-shared-pythonlang-domain"
        ]
      },
      "locked": {
        "lastModified": 1739298574,
        "narHash": "sha256-ExngFwrf6lwmm94ofbOMlO6Fs6i8DTCRTdkC9+z/PdI=",
        "owner": "pythoneda-shared-artifact-def",
        "repo": "events",
        "rev": "0ef996fec0ed73e7b9e7eb989b4425ee84922b15",
        "type": "github"
      },
      "original": {
        "owner": "pythoneda-shared-artifact-def",
        "ref": "0.0.99",
        "repo": "events",
        "type": "github"
      }
    },
    "pythoneda-shared-artifact-shared": {
      "inputs": {
        "flake-utils": [
          "pythoneda-shared-pythonlang-application",
          "flake-utils"
        ],
        "nixpkgs": [
          "pythoneda-shared-pythonlang-application",
          "nixpkgs"
        ],
        "pythoneda-shared-artifact-events": "pythoneda-shared-artifact-events",
        "pythoneda-shared-git-shared": "pythoneda-shared-git-shared",
        "pythoneda-shared-nix-flake-shared": "pythoneda-shared-nix-flake-shared",
        "pythoneda-shared-pythonlang-banner": [
          "pythoneda-shared-pythonlang-application",
          "pythoneda-shared-pythonlang-banner"
        ],
        "pythoneda-shared-pythonlang-domain": [
          "pythoneda-shared-pythonlang-application",
          "pythoneda-shared-pythonlang-domain"
        ]
      },
      "locked": {
        "lastModified": 1739298931,
        "narHash": "sha256-UJQ0Xu9e4m9kgSBGV4454un7wVdXWkY627RsN0S9lhE=",
        "owner": "pythoneda-shared-artifact-def",
        "repo": "shared",
        "rev": "ada97d9f76da9c9034c95dda57c3475a44d5ee54",
        "type": "github"
      },
      "original": {
        "owner": "pythoneda-shared-artifact-def",
        "ref": "0.0.109",
        "repo": "shared",
        "type": "github"
      }
    },
    "pythoneda-shared-git-shared": {
      "inputs": {
        "flake-utils": [
          "pythoneda-shared-pythonlang-application",
          "pythoneda-shared-artifact-shared",
          "flake-utils"
        ],
        "nixpkgs": [
          "pythoneda-shared-pythonlang-application",
          "pythoneda-shared-artifact-shared",
          "nixpkgs"
        ],
        "pythoneda-shared-pythonlang-banner": [
          "pythoneda-shared-pythonlang-application",
          "pythoneda-shared-artifact-shared",
          "pythoneda-shared-pythonlang-banner"
        ],
        "pythoneda-shared-pythonlang-domain": [
          "pythoneda-shared-pythonlang-application",
          "pythoneda-shared-artifact-shared",
          "pythoneda-shared-pythonlang-domain"
        ],
        "pythoneda-shared-pythonlang-shell": "pythoneda-shared-pythonlang-shell"
      },
      "locked": {
        "lastModified": 1739298772,
        "narHash": "sha256-09iW4nvBjnCMCGWPnpAaP/NTJ0o88NhHektato5p35s=",
        "owner": "pythoneda-shared-git-def",
        "repo": "shared",
        "rev": "a20fa3322eddb992125ad002bd509db986f2eea0",
        "type": "github"
      },
      "original": {
        "owner": "pythoneda-shared-git-def",
        "ref": "0.0.99",
        "repo": "shared",
        "type": "github"
      }
    },
    "pythoneda-shared-git-shared_2": {
      "inputs": {
        "flake-utils": [
          "pythoneda-shared-pythonlang-application",
          "pythoneda-shared-artifact-shared",
          "pythoneda-shared-nix-flake-shared",
          "flake-utils"
        ],
        "nixpkgs": [
          "pythoneda-shared-pythonlang-application",
          "pythoneda-shared-artifact-shared",
          "pythoneda-shared-nix-flake-shared",
          "nixpkgs"
        ],
        "pythoneda-shared-pythonlang-banner": [
          "pythoneda-shared-pythonlang-application",
          "pythoneda-shared-artifact-shared",
          "pythoneda-shared-nix-flake-shared",
          "pythoneda-shared-pythonlang-banner"
        ],
        "pythoneda-shared-pythonlang-domain": [
          "pythoneda-shared-pythonlang-application",
          "pythoneda-shared-artifact-shared",
          "pythoneda-shared-nix-flake-shared",
          "pythoneda-shared-pythonlang-domain"
        ],
        "pythoneda-shared-pythonlang-shell": "pythoneda-shared-pythonlang-shell_2"
      },
      "locked": {
        "lastModified": 1739298772,
        "narHash": "sha256-09iW4nvBjnCMCGWPnpAaP/NTJ0o88NhHektato5p35s=",
        "owner": "pythoneda-shared-git-def",
        "repo": "shared",
        "rev": "a20fa3322eddb992125ad002bd509db986f2eea0",
        "type": "github"
      },
      "original": {
        "owner": "pythoneda-shared-git-def",
        "ref": "0.0.99",
        "repo": "shared",
        "type": "github"
      }
    },
    "pythoneda-shared-nix-flake-shared": {
      "inputs": {
        "flake-utils": [
          "pythoneda-shared-pythonlang-application",
          "pythoneda-shared-artifact-shared",
          "flake-utils"
        ],
        "nixpkgs": [
          "pythoneda-shared-pythonlang-application",
          "pythoneda-shared-artifact-shared",
          "nixpkgs"
        ],
        "pythoneda-shared-git-shared": "pythoneda-shared-git-shared_2",
        "pythoneda-shared-pythonlang-banner": [
          "pythoneda-shared-pythonlang-application",
          "pythoneda-shared-artifact-shared",
          "pythoneda-shared-pythonlang-banner"
        ],
        "pythoneda-shared-pythonlang-domain": [
          "pythoneda-shared-pythonlang-application",
          "pythoneda-shared-artifact-shared",
          "pythoneda-shared-pythonlang-domain"
        ],
        "stringtemplate3": "stringtemplate3"
      },
      "locked": {
        "lastModified": 1739298845,
        "narHash": "sha256-B6kA/GXOwwB35K4p5m4g3OKHbEuhLEegCuRswRwHi+U=",
        "owner": "pythoneda-shared-nix-flake-def",
        "repo": "shared",
        "rev": "a2c6af5f6132bf224dd41eb0782b322e94f202af",
        "type": "github"
      },
      "original": {
        "owner": "pythoneda-shared-nix-flake-def",
        "ref": "0.0.106",
        "repo": "shared",
        "type": "github"
      }
    },
    "pythoneda-shared-pythonlang-application": {
      "inputs": {
        "flake-utils": [
          "flake-utils"
        ],
        "nixpkgs": [
          "nixpkgs"
        ],
        "pythoneda-shared-artifact-shared": "pythoneda-shared-artifact-shared",
        "pythoneda-shared-pythonlang-banner": [
          "pythoneda-shared-pythonlang-banner"
        ],
        "pythoneda-shared-pythonlang-domain": [
          "pythoneda-shared-pythonlang-domain"
        ],
        "pythoneda-shared-pythonlang-infrastructure": "pythoneda-shared-pythonlang-infrastructure"
      },
      "locked": {
        "lastModified": 1739299015,
        "narHash": "sha256-QTLXy3sccDyKfCHcFFppRN6dsryMlNgjZZn4sBM+G8U=",
        "owner": "pythoneda-shared-pythonlang-def",
        "repo": "application",
        "rev": "d14516c618836cc864bf3d1687b55ff019a6170f",
        "type": "github"
      },
      "original": {
        "owner": "pythoneda-shared-pythonlang-def",
        "ref": "0.0.124",
        "repo": "application",
        "type": "github"
      }
    },
    "pythoneda-shared-pythonlang-banner": {
      "inputs": {
        "flake-utils": [
          "flake-utils"
        ],
        "nixpkgs": [
          "nixpkgs"
        ]
      },
      "locked": {
        "lastModified": 1737618444,
        "narHash": "sha256-0ruzvKWBnurOs9e4X3PhTWg1/MeRvIVtXzK+AMooSCA=",
        "owner": "pythoneda-shared-pythonlang-def",
        "repo": "banner",
        "rev": "541d9cd0580e9454cb93e6fa77b879b95dbe2079",
        "type": "github"
      },
      "original": {
        "owner": "pythoneda-shared-pythonlang-def",
        "ref": "0.0.83",
        "repo": "banner",
        "type": "github"
      }
    },
    "pythoneda-shared-pythonlang-domain": {
      "inputs": {
        "flake-utils": [
          "pythoneda-shared-pythonlang-application",
          "pythoneda-shared-artifact-shared",
          "pythoneda-shared-git-shared",
          "pythoneda-shared-pythonlang-shell",
          "flake-utils"
        ],
        "nixpkgs": [
          "pythoneda-shared-pythonlang-application",
          "pythoneda-shared-artifact-shared",
          "pythoneda-shared-git-shared",
          "pythoneda-shared-pythonlang-shell",
          "nixpkgs"
        ],
        "pythoneda-shared-pythonlang-banner": [
          "pythoneda-shared-pythonlang-application",
          "pythoneda-shared-artifact-shared",
          "pythoneda-shared-git-shared",
          "pythoneda-shared-pythonlang-shell",
          "pythoneda-shared-pythonlang-banner"
        ]
      },
      "locked": {
        "lastModified": 1739298444,
        "narHash": "sha256-GiuAJdOTpaOxkxVqQHTSxbtAJxnUNMKg+HQxCOGxWcA=",
        "owner": "pythoneda-shared-pythonlang-def",
        "repo": "domain",
        "rev": "ca3a6b17ad76684885a4dc135b002cbe145a0c84",
        "type": "github"
      },
      "original": {
        "owner": "pythoneda-shared-pythonlang-def",
        "ref": "0.0.130",
        "repo": "domain",
        "type": "github"
      }
    },
    "pythoneda-shared-pythonlang-domain_2": {
      "inputs": {
        "flake-utils": [
          "pythoneda-shared-pythonlang-application",
          "pythoneda-shared-artifact-shared",
          "pythoneda-shared-nix-flake-shared",
          "pythoneda-shared-git-shared",
          "pythoneda-shared-pythonlang-shell",
          "flake-utils"
        ],
        "nixpkgs": [
          "pythoneda-shared-pythonlang-application",
          "pythoneda-shared-artifact-shared",
          "pythoneda-shared-nix-flake-shared",
          "pythoneda-shared-git-shared",
          "pythoneda-shared-pythonlang-shell",
          "nixpkgs"
        ],
        "pythoneda-shared-pythonlang-banner": [
          "pythoneda-shared-pythonlang-application",
          "pythoneda-shared-artifact-shared",
          "pythoneda-shared-nix-flake-shared",
          "pythoneda-shared-git-shared",
          "pythoneda-shared-pythonlang-shell",
          "pythoneda-shared-pythonlang-banner"
        ]
      },
      "locked": {
        "lastModified": 1739298444,
        "narHash": "sha256-GiuAJdOTpaOxkxVqQHTSxbtAJxnUNMKg+HQxCOGxWcA=",
        "owner": "pythoneda-shared-pythonlang-def",
        "repo": "domain",
        "rev": "ca3a6b17ad76684885a4dc135b002cbe145a0c84",
        "type": "github"
      },
      "original": {
        "owner": "pythoneda-shared-pythonlang-def",
        "ref": "0.0.130",
        "repo": "domain",
        "type": "github"
      }
    },
    "pythoneda-shared-pythonlang-domain_3": {
      "inputs": {
        "flake-utils": [
          "flake-utils"
        ],
        "nixpkgs": [
          "nixpkgs"
        ],
        "pythoneda-shared-pythonlang-banner": [
          "pythoneda-shared-pythonlang-banner"
        ]
      },
      "locked": {
        "lastModified": 1739298444,
        "narHash": "sha256-GiuAJdOTpaOxkxVqQHTSxbtAJxnUNMKg+HQxCOGxWcA=",
        "owner": "pythoneda-shared-pythonlang-def",
        "repo": "domain",
        "rev": "ca3a6b17ad76684885a4dc135b002cbe145a0c84",
        "type": "github"
      },
      "original": {
        "owner": "pythoneda-shared-pythonlang-def",
        "ref": "0.0.130",
        "repo": "domain",
        "type": "github"
      }
    },
    "pythoneda-shared-pythonlang-infrastructure": {
      "inputs": {
        "esdbclient": "esdbclient",
        "flake-utils": [
          "pythoneda-shared-pythonlang-application",
          "flake-utils"
        ],
        "nixpkgs": [
          "pythoneda-shared-pythonlang-application",
          "nixpkgs"
        ],
        "pythoneda-shared-pythonlang-banner": [
          "pythoneda-shared-pythonlang-application",
          "pythoneda-shared-pythonlang-banner"
        ],
        "pythoneda-shared-pythonlang-domain": [
          "pythoneda-shared-pythonlang-application",
          "pythoneda-shared-pythonlang-domain"
        ]
      },
      "locked": {
        "lastModified": 1739298512,
        "narHash": "sha256-5NCCB5RjopzQTjGocIEzBiXdFgrCfmIt1xt3neI2E/0=",
        "owner": "pythoneda-shared-pythonlang-def",
        "repo": "infrastructure",
        "rev": "50dda4482fd4fd549fc248c44bc81685c8e38848",
        "type": "github"
      },
      "original": {
        "owner": "pythoneda-shared-pythonlang-def",
        "ref": "0.0.103",
        "repo": "infrastructure",
        "type": "github"
      }
    },
    "pythoneda-shared-pythonlang-shell": {
      "inputs": {
        "flake-utils": [
          "pythoneda-shared-pythonlang-application",
          "pythoneda-shared-artifact-shared",
          "pythoneda-shared-git-shared",
          "flake-utils"
        ],
        "nixpkgs": [
          "pythoneda-shared-pythonlang-application",
          "pythoneda-shared-artifact-shared",
          "pythoneda-shared-git-shared",
          "nixpkgs"
        ],
        "pythoneda-shared-pythonlang-banner": [
          "pythoneda-shared-pythonlang-application",
          "pythoneda-shared-artifact-shared",
          "pythoneda-shared-git-shared",
          "pythoneda-shared-pythonlang-banner"
        ],
        "pythoneda-shared-pythonlang-domain": "pythoneda-shared-pythonlang-domain"
      },
      "locked": {
        "lastModified": 1739298703,
        "narHash": "sha256-Pd0G6gKgxgfgbLFzxs6KDKfEYF2ZP+8fw+JlItOzbCk=",
        "owner": "pythoneda-shared-pythonlang-def",
        "repo": "shell",
        "rev": "5a65654a966d411e0c0479fa801e6ca0d63cc972",
        "type": "github"
      },
      "original": {
        "owner": "pythoneda-shared-pythonlang-def",
        "ref": "0.0.65",
        "repo": "shell",
        "type": "github"
      }
    },
    "pythoneda-shared-pythonlang-shell_2": {
      "inputs": {
        "flake-utils": [
          "pythoneda-shared-pythonlang-application",
          "pythoneda-shared-artifact-shared",
          "pythoneda-shared-nix-flake-shared",
          "pythoneda-shared-git-shared",
          "flake-utils"
        ],
        "nixpkgs": [
          "pythoneda-shared-pythonlang-application",
          "pythoneda-shared-artifact-shared",
          "pythoneda-shared-nix-flake-shared",
          "pythoneda-shared-git-shared",
          "nixpkgs"
        ],
        "pythoneda-shared-pythonlang-banner": [
          "pythoneda-shared-pythonlang-application",
          "pythoneda-shared-artifact-shared",
          "pythoneda-shared-nix-flake-shared",
          "pythoneda-shared-git-shared",
          "pythoneda-shared-pythonlang-banner"
        ],
        "pythoneda-shared-pythonlang-domain": "pythoneda-shared-pythonlang-domain_2"
      },
      "locked": {
        "lastModified": 1739298703,
        "narHash": "sha256-Pd0G6gKgxgfgbLFzxs6KDKfEYF2ZP+8fw+JlItOzbCk=",
        "owner": "pythoneda-shared-pythonlang-def",
        "repo": "shell",
        "rev": "5a65654a966d411e0c0479fa801e6ca0d63cc972",
        "type": "github"
      },
      "original": {
        "owner": "pythoneda-shared-pythonlang-def",
        "ref": "0.0.65",
        "repo": "shell",
        "type": "github"
      }
    },
    "root": {
      "inputs": {
        "flake-utils": "flake-utils",
        "nixpkgs": "nixpkgs",
        "pythoneda-shared-pythonlang-application": "pythoneda-shared-pythonlang-application",
        "pythoneda-shared-pythonlang-banner": "pythoneda-shared-pythonlang-banner",
        "pythoneda-shared-pythonlang-domain": "pythoneda-shared-pythonlang-domain_3"
      }
    },
    "stringtemplate3": {
      "inputs": {
        "flake-utils": [
          "pythoneda-shared-pythonlang-application",
          "pythoneda-shared-artifact-shared",
          "pythoneda-shared-nix-flake-shared",
          "flake-utils"
        ],
        "nixpkgs": [
          "pythoneda-shared-pythonlang-application",
          "pythoneda-shared-artifact-shared",
          "pythoneda-shared-nix-flake-shared",
          "nixpkgs"
        ]
      },
      "locked": {
        "dir": "stringtemplate3",
        "lastModified": 1737645729,
        "narHash": "sha256-wi1+fqNfwEk3UaRsh5trkIylwPcVMh+uWTUur1/n6mg=",
        "owner": "rydnr",
        "repo": "nix-flakes",
        "rev": "a65a9823a846e2b4a7b485746c2fa719a7b96b65",
        "type": "github"
      },
      "original": {
        "dir": "stringtemplate3",
        "owner": "rydnr",
        "ref": "stringtemplate3-3.1.4",
        "repo": "nix-flakes",
        "type": "github"
      }
    }
  },
  "root": "root",
  "version": 7
}
